{
  "nodes": {
    "devenv": {
      "inputs": {
        "cachix": [],
        "flake-compat": [],
        "git-hooks": "git-hooks",
        "nix": [],
        "nixpkgs": [
          "nixpkgs"
        ]
      },
      "locked": {
        "lastModified": 1741670053,
        "narHash": "sha256-SkRdBYdaMCUiKExeOdrvHGRcFUqp35YjIEdhIVu0WOA=",
        "owner": "cachix",
        "repo": "devenv",
        "rev": "47abb5dfd5b7824a0979ef86f3986aea48847312",
        "type": "github"
      },
      "original": {
        "owner": "cachix",
        "repo": "devenv",
        "type": "github"
      }
    },
    "devenv-root": {
      "flake": false,
      "locked": {
        "narHash": "sha256-d6xi4mKdjkX2JFicDIv5niSzpyI0m/Hnm8GGAIU04kY=",
        "type": "file",
        "url": "file:///dev/null"
      },
      "original": {
        "type": "file",
        "url": "file:///dev/null"
      }
    },
    "flake-parts": {
      "inputs": {
        "nixpkgs-lib": [
          "nixpkgs"
        ]
      },
      "locked": {
        "lastModified": 1738453229,
        "narHash": "sha256-7H9XgNiGLKN1G1CgRh0vUL4AheZSYzPm+zmZ7vxbJdo=",
        "owner": "hercules-ci",
        "repo": "flake-parts",
        "rev": "32ea77a06711b758da0ad9bd6a844c5740a87abd",
        "type": "github"
      },
      "original": {
        "owner": "hercules-ci",
        "repo": "flake-parts",
        "type": "github"
      }
    },
    "git-hooks": {
      "inputs": {
        "flake-compat": [
          "devenv"
        ],
        "gitignore": "gitignore",
        "nixpkgs": [
          "devenv",
          "nixpkgs"
        ]
      },
      "locked": {
        "lastModified": 1740849354,
        "narHash": "sha256-oy33+t09FraucSZ2rZ6qnD1Y1c8azKKmQuCvF2ytUko=",
        "owner": "cachix",
        "repo": "git-hooks.nix",
        "rev": "4a709a8ce9f8c08fa7ddb86761fe488ff7858a07",
        "type": "github"
      },
      "original": {
        "owner": "cachix",
        "repo": "git-hooks.nix",
        "type": "github"
      }
    },
    "gitignore": {
      "inputs": {
        "nixpkgs": [
          "devenv",
          "git-hooks",
          "nixpkgs"
        ]
      },
      "locked": {
        "lastModified": 1709087332,
        "narHash": "sha256-HG2cCnktfHsKV0s4XW83gU3F57gaTljL9KNSuG6bnQs=",
        "owner": "hercules-ci",
        "repo": "gitignore.nix",
        "rev": "637db329424fd7e46cf4185293b9cc8c88c95394",
        "type": "github"
      },
      "original": {
        "owner": "hercules-ci",
        "repo": "gitignore.nix",
        "type": "github"
      }
    },
    "infuse": {
      "inputs": {
        "nixpkgs-lib": [
          "nixpkgs"
        ]
      },
      "locked": {
        "lastModified": 1746890521,
        "narHash": "sha256-/I4KSBr2wd3XkfVYfe25C9MRAIrEW4pWpZGItO156qI=",
        "ref": "refs/heads/trunk",
        "rev": "11ddf18a49e4cf18b0db0d80ec9c357ae6a8ac62",
        "revCount": 51,
        "type": "git",
        "url": "https://codeberg.org/Kirens/infuse.nix.git"
      },
      "original": {
        "type": "git",
        "url": "https://codeberg.org/Kirens/infuse.nix.git"
      }
    },
    "nixpkgs": {
      "locked": {
        "lastModified": 1738680400,
        "narHash": "sha256-ooLh+XW8jfa+91F1nhf9OF7qhuA/y1ChLx6lXDNeY5U=",
        "owner": "nixos",
        "repo": "nixpkgs",
        "rev": "799ba5bffed04ced7067a91798353d360788b30d",
        "type": "github"
      },
      "original": {
        "owner": "nixos",
        "ref": "nixos-unstable",
        "repo": "nixpkgs",
        "type": "github"
      }
    },
    "root": {
      "inputs": {
        "devenv": "devenv",
        "devenv-root": "devenv-root",
        "flake-parts": "flake-parts",
        "infuse": "infuse",
        "nixpkgs": "nixpkgs",
        "roughspec": "roughspec",
        "systems": "systems"
      }
    },
    "roughspec": {
      "flake": false,
      "locked": {
        "lastModified": 1713800183,
        "narHash": "sha256-d6GgOGA7XtfzicUdQY3ukOD8czj7AWGgji5mwO9Lli8=",
        "owner": "solrun",
        "repo": "quickspec",
        "rev": "d882749a416f17f854e36dfdc31d6d59f879152c",
        "type": "github"
      },
      "original": {
        "owner": "solrun",
        "repo": "quickspec",
        "type": "github"
      }
    },
    "systems": {
      "locked": {
        "lastModified": 1680978846,
        "narHash": "sha256-Gtqg8b/v49BFDpDetjclCYXm8mAnTrUzR0JnE2nv5aw=",
        "owner": "nix-systems",
        "repo": "x86_64-linux",
        "rev": "2ecfcac5e15790ba6ce360ceccddb15ad16d08a8",
        "type": "github"
      },
      "original": {
        "owner": "nix-systems",
        "repo": "x86_64-linux",
        "type": "github"
      }
    }
  },
  "root": "root",
  "version": 7
}
